
Microsoft Visual Studio Solution File, Format Version 12.00
Project("{FAE04EC0-301F-11D3-BF4B-00C04F79EFBC}") = "DevFreela.API", "DevFreela.API\DevFreela.API.csproj", "{CE57E32A-92BF-450F-8C72-411CF60EF017}"
EndProject
Project("{2150E333-8FDC-42A3-9474-1A3956D46DE8}") = "Solution Items", "Solution Items", "{83E80F5B-A6EC-48C8-BEEC-783054C0660D}"
	ProjectSection(SolutionItems) = preProject
		docker-compose.yml = docker-compose.yml
	EndProjectSection
EndProject
Project("{FAE04EC0-301F-11D3-BF4B-00C04F79EFBC}") = "DevFreela.Application", "DevFreela.Application\DevFreela.Application.csproj", "{C3869532-1A00-4FFF-8BA7-5CB505A763DE}"
EndProject
Project("{FAE04EC0-301F-11D3-BF4B-00C04F79EFBC}") = "DevFreela.Infrastructure", "DevFreela.Infrastructure\DevFreela.Infrastructure.csproj", "{34129997-9502-4B10-8111-03EEF9754293}"
EndProject
Project("{FAE04EC0-301F-11D3-BF4B-00C04F79EFBC}") = "DevFreela.Domain", "DevFreela.Domain\DevFreela.Domain.csproj", "{C33828B5-61CF-4666-AEB5-3586F3C2A9A8}"
EndProject
Project("{FAE04EC0-301F-11D3-BF4B-00C04F79EFBC}") = "DevFreela.Test", "DevFreela.Test\DevFreela.Test.csproj", "{CFC7EF54-15E4-40B0-94DB-AA9BCAC7A84B}"
EndProject
Global
	GlobalSection(SolutionConfigurationPlatforms) = preSolution
		Debug|Any CPU = Debug|Any CPU
		Release|Any CPU = Release|Any CPU
	EndGlobalSection
	GlobalSection(ProjectConfigurationPlatforms) = postSolution
		{CE57E32A-92BF-450F-8C72-411CF60EF017}.Debug|Any CPU.ActiveCfg = Debug|Any CPU
		{CE57E32A-92BF-450F-8C72-411CF60EF017}.Debug|Any CPU.Build.0 = Debug|Any CPU
		{CE57E32A-92BF-450F-8C72-411CF60EF017}.Release|Any CPU.ActiveCfg = Release|Any CPU
		{CE57E32A-92BF-450F-8C72-411CF60EF017}.Release|Any CPU.Build.0 = Release|Any CPU
		{C3869532-1A00-4FFF-8BA7-5CB505A763DE}.Debug|Any CPU.ActiveCfg = Debug|Any CPU
		{C3869532-1A00-4FFF-8BA7-5CB505A763DE}.Debug|Any CPU.Build.0 = Debug|Any CPU
		{C3869532-1A00-4FFF-8BA7-5CB505A763DE}.Release|Any CPU.ActiveCfg = Release|Any CPU
		{C3869532-1A00-4FFF-8BA7-5CB505A763DE}.Release|Any CPU.Build.0 = Release|Any CPU
		{34129997-9502-4B10-8111-03EEF9754293}.Debug|Any CPU.ActiveCfg = Debug|Any CPU
		{34129997-9502-4B10-8111-03EEF9754293}.Debug|Any CPU.Build.0 = Debug|Any CPU
		{34129997-9502-4B10-8111-03EEF9754293}.Release|Any CPU.ActiveCfg = Release|Any CPU
		{34129997-9502-4B10-8111-03EEF9754293}.Release|Any CPU.Build.0 = Release|Any CPU
		{C33828B5-61CF-4666-AEB5-3586F3C2A9A8}.Debug|Any CPU.ActiveCfg = Debug|Any CPU
		{C33828B5-61CF-4666-AEB5-3586F3C2A9A8}.Debug|Any CPU.Build.0 = Debug|Any CPU
		{C33828B5-61CF-4666-AEB5-3586F3C2A9A8}.Release|Any CPU.ActiveCfg = Release|Any CPU
		{C33828B5-61CF-4666-AEB5-3586F3C2A9A8}.Release|Any CPU.Build.0 = Release|Any CPU
		{CFC7EF54-15E4-40B0-94DB-AA9BCAC7A84B}.Debug|Any CPU.ActiveCfg = Debug|Any CPU
		{CFC7EF54-15E4-40B0-94DB-AA9BCAC7A84B}.Debug|Any CPU.Build.0 = Debug|Any CPU
		{CFC7EF54-15E4-40B0-94DB-AA9BCAC7A84B}.Release|Any CPU.ActiveCfg = Release|Any CPU
		{CFC7EF54-15E4-40B0-94DB-AA9BCAC7A84B}.Release|Any CPU.Build.0 = Release|Any CPU
	EndGlobalSection
EndGlobal
